
Microsoft Visual Studio Solution File, Format Version 12.00
# Visual Studio 15
VisualStudioVersion = 15.0.28307.645
MinimumVisualStudioVersion = 10.0.40219.1
Project("{FAE04EC0-301F-11D3-BF4B-00C04F79EFBC}") = "Gallary", "Gallary\Gallary.csproj", "{FBB8389E-1233-4479-844A-FC7552018FD4}"
EndProject
Global
	GlobalSection(SolutionConfigurationPlatforms) = preSolution
		Debug|Any CPU = Debug|Any CPU
		Release|Any CPU = Release|Any CPU
	EndGlobalSection
	GlobalSection(ProjectConfigurationPlatforms) = postSolution
		{FBB8389E-1233-4479-844A-FC7552018FD4}.Debug|Any CPU.ActiveCfg = Debug|Any CPU
		{FBB8389E-1233-4479-844A-FC7552018FD4}.Debug|Any CPU.Build.0 = Debug|Any CPU
		{FBB8389E-1233-4479-844A-FC7552018FD4}.Release|Any CPU.ActiveCfg = Release|Any CPU
		{FBB8389E-1233-4479-844A-FC7552018FD4}.Release|Any CPU.Build.0 = Release|Any CPU
	EndGlobalSection
	GlobalSection(SolutionProperties) = preSolution
		HideSolutionNode = FALSE
	EndGlobalSection
	GlobalSection(ExtensibilityGlobals) = postSolution
		SolutionGuid = {FA0958B8-2567-4FEA-B12A-0BF6710194AD}
	EndGlobalSection
EndGlobal
